
Microsoft Visual Studio Solution File, Format Version 12.00
# Visual Studio Version 17
VisualStudioVersion = 17.5.33516.290
MinimumVisualStudioVersion = 10.0.40219.1
Project("{FAE04EC0-301F-11D3-BF4B-00C04F79EFBC}") = "Snake", "Snake.csproj", "{9CAC1C83-7B8B-417F-BA75-0FF62EEC9722}"
EndProject
Global
	GlobalSection(SolutionConfigurationPlatforms) = preSolution
		Debug|Any CPU = Debug|Any CPU
		Release|Any CPU = Release|Any CPU
	EndGlobalSection
	GlobalSection(ProjectConfigurationPlatforms) = postSolution
		{9CAC1C83-7B8B-417F-BA75-0FF62EEC9722}.Debug|Any CPU.ActiveCfg = Debug|Any CPU
		{9CAC1C83-7B8B-417F-BA75-0FF62EEC9722}.Debug|Any CPU.Build.0 = Debug|Any CPU
		{9CAC1C83-7B8B-417F-BA75-0FF62EEC9722}.Release|Any CPU.ActiveCfg = Release|Any CPU
		{9CAC1C83-7B8B-417F-BA75-0FF62EEC9722}.Release|Any CPU.Build.0 = Release|Any CPU
	EndGlobalSection
	GlobalSection(SolutionProperties) = preSolution
		HideSolutionNode = FALSE
	EndGlobalSection
	GlobalSection(ExtensibilityGlobals) = postSolution
		SolutionGuid = {05903FA0-5344-44A7-8265-1E273F2012E9}
	EndGlobalSection
EndGlobal
